
Microsoft Visual Studio Solution File, Format Version 12.00
# Visual Studio 15
VisualStudioVersion = 15.0.26124.0
MinimumVisualStudioVersion = 15.0.26124.0
Project("{FAE04EC0-301F-11D3-BF4B-00C04F79EFBC}") = "Application", "Application\Alakazam.csproj", "{6C9AC9DB-DBF5-440F-9F59-0561A0F0ADB5}"
EndProject
Project("{FAE04EC0-301F-11D3-BF4B-00C04F79EFBC}") = "PluginBase", "PluginBase\PluginBase.csproj", "{4C4BDF04-5105-46AE-8F64-9F80A47C3BB7}"
EndProject
Project("{2150E333-8FDC-42A3-9474-1A3956D46DE8}") = "Plugins", "Plugins", "{5E813DA1-DF05-48E9-83E1-C7F492AC382A}"
EndProject
Project("{FAE04EC0-301F-11D3-BF4B-00C04F79EFBC}") = "Color", "Plugins\Color\Color.csproj", "{A51EE161-3FF8-44CC-AB35-DD29D5D8BAEC}"
EndProject
Project("{FAE04EC0-301F-11D3-BF4B-00C04F79EFBC}") = "Editor", "Editor\Editor.csproj", "{7B00E56C-B70C-470A-A335-C036AA7A4884}"
EndProject
Project("{FAE04EC0-301F-11D3-BF4B-00C04F79EFBC}") = "Engine", "Engine\Engine.csproj", "{AD292E1F-EDB9-4A11-8EEC-9A5E67F508C9}"
EndProject
Project("{FAE04EC0-301F-11D3-BF4B-00C04F79EFBC}") = "Properties", "Plugins\Properties\Properties.csproj", "{E827F3BB-5284-42E4-8391-8240DE72895F}"
EndProject
Project("{FAE04EC0-301F-11D3-BF4B-00C04F79EFBC}") = "Filters", "Plugins\Filters\Filters.csproj", "{396F4BB1-EDEF-4BB6-BA3E-CD9E599D4F13}"
EndProject
Global
	GlobalSection(SolutionProperties) = preSolution
		HideSolutionNode = FALSE
	EndGlobalSection
	GlobalSection(SolutionConfigurationPlatforms) = preSolution
		Debug|Any CPU = Debug|Any CPU
		Debug|x64 = Debug|x64
		Debug|x86 = Debug|x86
		Release|Any CPU = Release|Any CPU
		Release|x64 = Release|x64
		Release|x86 = Release|x86
	EndGlobalSection
	GlobalSection(ProjectConfigurationPlatforms) = postSolution
		{6C9AC9DB-DBF5-440F-9F59-0561A0F0ADB5}.Debug|Any CPU.ActiveCfg = Debug|Any CPU
		{6C9AC9DB-DBF5-440F-9F59-0561A0F0ADB5}.Debug|Any CPU.Build.0 = Debug|Any CPU
		{6C9AC9DB-DBF5-440F-9F59-0561A0F0ADB5}.Debug|x64.ActiveCfg = Debug|Any CPU
		{6C9AC9DB-DBF5-440F-9F59-0561A0F0ADB5}.Debug|x64.Build.0 = Debug|Any CPU
		{6C9AC9DB-DBF5-440F-9F59-0561A0F0ADB5}.Debug|x86.ActiveCfg = Debug|Any CPU
		{6C9AC9DB-DBF5-440F-9F59-0561A0F0ADB5}.Debug|x86.Build.0 = Debug|Any CPU
		{6C9AC9DB-DBF5-440F-9F59-0561A0F0ADB5}.Release|Any CPU.ActiveCfg = Release|Any CPU
		{6C9AC9DB-DBF5-440F-9F59-0561A0F0ADB5}.Release|Any CPU.Build.0 = Release|Any CPU
		{6C9AC9DB-DBF5-440F-9F59-0561A0F0ADB5}.Release|x64.ActiveCfg = Release|Any CPU
		{6C9AC9DB-DBF5-440F-9F59-0561A0F0ADB5}.Release|x64.Build.0 = Release|Any CPU
		{6C9AC9DB-DBF5-440F-9F59-0561A0F0ADB5}.Release|x86.ActiveCfg = Release|Any CPU
		{6C9AC9DB-DBF5-440F-9F59-0561A0F0ADB5}.Release|x86.Build.0 = Release|Any CPU
		{4C4BDF04-5105-46AE-8F64-9F80A47C3BB7}.Debug|Any CPU.ActiveCfg = Debug|Any CPU
		{4C4BDF04-5105-46AE-8F64-9F80A47C3BB7}.Debug|Any CPU.Build.0 = Debug|Any CPU
		{4C4BDF04-5105-46AE-8F64-9F80A47C3BB7}.Debug|x64.ActiveCfg = Debug|Any CPU
		{4C4BDF04-5105-46AE-8F64-9F80A47C3BB7}.Debug|x64.Build.0 = Debug|Any CPU
		{4C4BDF04-5105-46AE-8F64-9F80A47C3BB7}.Debug|x86.ActiveCfg = Debug|Any CPU
		{4C4BDF04-5105-46AE-8F64-9F80A47C3BB7}.Debug|x86.Build.0 = Debug|Any CPU
		{4C4BDF04-5105-46AE-8F64-9F80A47C3BB7}.Release|Any CPU.ActiveCfg = Release|Any CPU
		{4C4BDF04-5105-46AE-8F64-9F80A47C3BB7}.Release|Any CPU.Build.0 = Release|Any CPU
		{4C4BDF04-5105-46AE-8F64-9F80A47C3BB7}.Release|x64.ActiveCfg = Release|Any CPU
		{4C4BDF04-5105-46AE-8F64-9F80A47C3BB7}.Release|x64.Build.0 = Release|Any CPU
		{4C4BDF04-5105-46AE-8F64-9F80A47C3BB7}.Release|x86.ActiveCfg = Release|Any CPU
		{4C4BDF04-5105-46AE-8F64-9F80A47C3BB7}.Release|x86.Build.0 = Release|Any CPU
		{A51EE161-3FF8-44CC-AB35-DD29D5D8BAEC}.Debug|Any CPU.ActiveCfg = Debug|Any CPU
		{A51EE161-3FF8-44CC-AB35-DD29D5D8BAEC}.Debug|Any CPU.Build.0 = Debug|Any CPU
		{A51EE161-3FF8-44CC-AB35-DD29D5D8BAEC}.Debug|x64.ActiveCfg = Debug|Any CPU
		{A51EE161-3FF8-44CC-AB35-DD29D5D8BAEC}.Debug|x64.Build.0 = Debug|Any CPU
		{A51EE161-3FF8-44CC-AB35-DD29D5D8BAEC}.Debug|x86.ActiveCfg = Debug|Any CPU
		{A51EE161-3FF8-44CC-AB35-DD29D5D8BAEC}.Debug|x86.Build.0 = Debug|Any CPU
		{A51EE161-3FF8-44CC-AB35-DD29D5D8BAEC}.Release|Any CPU.ActiveCfg = Release|Any CPU
		{A51EE161-3FF8-44CC-AB35-DD29D5D8BAEC}.Release|Any CPU.Build.0 = Release|Any CPU
		{A51EE161-3FF8-44CC-AB35-DD29D5D8BAEC}.Release|x64.ActiveCfg = Release|Any CPU
		{A51EE161-3FF8-44CC-AB35-DD29D5D8BAEC}.Release|x64.Build.0 = Release|Any CPU
		{A51EE161-3FF8-44CC-AB35-DD29D5D8BAEC}.Release|x86.ActiveCfg = Release|Any CPU
		{A51EE161-3FF8-44CC-AB35-DD29D5D8BAEC}.Release|x86.Build.0 = Release|Any CPU
		{7B00E56C-B70C-470A-A335-C036AA7A4884}.Debug|Any CPU.ActiveCfg = Debug|Any CPU
		{7B00E56C-B70C-470A-A335-C036AA7A4884}.Debug|Any CPU.Build.0 = Debug|Any CPU
		{7B00E56C-B70C-470A-A335-C036AA7A4884}.Debug|x64.ActiveCfg = Debug|Any CPU
		{7B00E56C-B70C-470A-A335-C036AA7A4884}.Debug|x64.Build.0 = Debug|Any CPU
		{7B00E56C-B70C-470A-A335-C036AA7A4884}.Debug|x86.ActiveCfg = Debug|Any CPU
		{7B00E56C-B70C-470A-A335-C036AA7A4884}.Debug|x86.Build.0 = Debug|Any CPU
		{7B00E56C-B70C-470A-A335-C036AA7A4884}.Release|Any CPU.ActiveCfg = Release|Any CPU
		{7B00E56C-B70C-470A-A335-C036AA7A4884}.Release|Any CPU.Build.0 = Release|Any CPU
		{7B00E56C-B70C-470A-A335-C036AA7A4884}.Release|x64.ActiveCfg = Release|Any CPU
		{7B00E56C-B70C-470A-A335-C036AA7A4884}.Release|x64.Build.0 = Release|Any CPU
		{7B00E56C-B70C-470A-A335-C036AA7A4884}.Release|x86.ActiveCfg = Release|Any CPU
		{7B00E56C-B70C-470A-A335-C036AA7A4884}.Release|x86.Build.0 = Release|Any CPU
		{AD292E1F-EDB9-4A11-8EEC-9A5E67F508C9}.Debug|Any CPU.ActiveCfg = Debug|Any CPU
		{AD292E1F-EDB9-4A11-8EEC-9A5E67F508C9}.Debug|Any CPU.Build.0 = Debug|Any CPU
		{AD292E1F-EDB9-4A11-8EEC-9A5E67F508C9}.Debug|x64.ActiveCfg = Debug|Any CPU
		{AD292E1F-EDB9-4A11-8EEC-9A5E67F508C9}.Debug|x64.Build.0 = Debug|Any CPU
		{AD292E1F-EDB9-4A11-8EEC-9A5E67F508C9}.Debug|x86.ActiveCfg = Debug|Any CPU
		{AD292E1F-EDB9-4A11-8EEC-9A5E67F508C9}.Debug|x86.Build.0 = Debug|Any CPU
		{AD292E1F-EDB9-4A11-8EEC-9A5E67F508C9}.Release|Any CPU.ActiveCfg = Release|Any CPU
		{AD292E1F-EDB9-4A11-8EEC-9A5E67F508C9}.Release|Any CPU.Build.0 = Release|Any CPU
		{AD292E1F-EDB9-4A11-8EEC-9A5E67F508C9}.Release|x64.ActiveCfg = Release|Any CPU
		{AD292E1F-EDB9-4A11-8EEC-9A5E67F508C9}.Release|x64.Build.0 = Release|Any CPU
		{AD292E1F-EDB9-4A11-8EEC-9A5E67F508C9}.Release|x86.ActiveCfg = Release|Any CPU
		{AD292E1F-EDB9-4A11-8EEC-9A5E67F508C9}.Release|x86.Build.0 = Release|Any CPU
		{E827F3BB-5284-42E4-8391-8240DE72895F}.Debug|Any CPU.ActiveCfg = Debug|Any CPU
		{E827F3BB-5284-42E4-8391-8240DE72895F}.Debug|Any CPU.Build.0 = Debug|Any CPU
		{E827F3BB-5284-42E4-8391-8240DE72895F}.Debug|x64.ActiveCfg = Debug|Any CPU
		{E827F3BB-5284-42E4-8391-8240DE72895F}.Debug|x64.Build.0 = Debug|Any CPU
		{E827F3BB-5284-42E4-8391-8240DE72895F}.Debug|x86.ActiveCfg = Debug|Any CPU
		{E827F3BB-5284-42E4-8391-8240DE72895F}.Debug|x86.Build.0 = Debug|Any CPU
		{E827F3BB-5284-42E4-8391-8240DE72895F}.Release|Any CPU.ActiveCfg = Release|Any CPU
		{E827F3BB-5284-42E4-8391-8240DE72895F}.Release|Any CPU.Build.0 = Release|Any CPU
		{E827F3BB-5284-42E4-8391-8240DE72895F}.Release|x64.ActiveCfg = Release|Any CPU
		{E827F3BB-5284-42E4-8391-8240DE72895F}.Release|x64.Build.0 = Release|Any CPU
		{E827F3BB-5284-42E4-8391-8240DE72895F}.Release|x86.ActiveCfg = Release|Any CPU
		{E827F3BB-5284-42E4-8391-8240DE72895F}.Release|x86.Build.0 = Release|Any CPU
		{396F4BB1-EDEF-4BB6-BA3E-CD9E599D4F13}.Debug|Any CPU.ActiveCfg = Debug|Any CPU
		{396F4BB1-EDEF-4BB6-BA3E-CD9E599D4F13}.Debug|Any CPU.Build.0 = Debug|Any CPU
		{396F4BB1-EDEF-4BB6-BA3E-CD9E599D4F13}.Debug|x64.ActiveCfg = Debug|Any CPU
		{396F4BB1-EDEF-4BB6-BA3E-CD9E599D4F13}.Debug|x64.Build.0 = Debug|Any CPU
		{396F4BB1-EDEF-4BB6-BA3E-CD9E599D4F13}.Debug|x86.ActiveCfg = Debug|Any CPU
		{396F4BB1-EDEF-4BB6-BA3E-CD9E599D4F13}.Debug|x86.Build.0 = Debug|Any CPU
		{396F4BB1-EDEF-4BB6-BA3E-CD9E599D4F13}.Release|Any CPU.ActiveCfg = Release|Any CPU
		{396F4BB1-EDEF-4BB6-BA3E-CD9E599D4F13}.Release|Any CPU.Build.0 = Release|Any CPU
		{396F4BB1-EDEF-4BB6-BA3E-CD9E599D4F13}.Release|x64.ActiveCfg = Release|Any CPU
		{396F4BB1-EDEF-4BB6-BA3E-CD9E599D4F13}.Release|x64.Build.0 = Release|Any CPU
		{396F4BB1-EDEF-4BB6-BA3E-CD9E599D4F13}.Release|x86.ActiveCfg = Release|Any CPU
		{396F4BB1-EDEF-4BB6-BA3E-CD9E599D4F13}.Release|x86.Build.0 = Release|Any CPU
	EndGlobalSection
	GlobalSection(NestedProjects) = preSolution
		{A51EE161-3FF8-44CC-AB35-DD29D5D8BAEC} = {5E813DA1-DF05-48E9-83E1-C7F492AC382A}
		{E827F3BB-5284-42E4-8391-8240DE72895F} = {5E813DA1-DF05-48E9-83E1-C7F492AC382A}
		{396F4BB1-EDEF-4BB6-BA3E-CD9E599D4F13} = {5E813DA1-DF05-48E9-83E1-C7F492AC382A}
	EndGlobalSection
EndGlobal
